
Microsoft Visual Studio Solution File, Format Version 12.00
# Visual Studio 14
VisualStudioVersion = 14.0.25420.1
MinimumVisualStudioVersion = 10.0.40219.1
Project("{FAE04EC0-301F-11D3-BF4B-00C04F79EFBC}") = "GUI", "Project_CHBS\GUI.csproj", "{95F4CB3F-48AD-4FA0-B673-0B5B32767B4E}"
EndProject
Project("{FAE04EC0-301F-11D3-BF4B-00C04F79EFBC}") = "DTO", "DTO\DTO.csproj", "{F1EE3384-5B17-4205-AE86-C5589BBCD983}"
EndProject
Project("{FAE04EC0-301F-11D3-BF4B-00C04F79EFBC}") = "DAL", "DAL\DAL.csproj", "{80C442CC-0531-4177-AD74-54E47B736121}"
EndProject
Project("{FAE04EC0-301F-11D3-BF4B-00C04F79EFBC}") = "BUS", "BUS\BUS.csproj", "{C45E1B5F-095F-4799-B370-DBD9324C6966}"
EndProject
Global
	GlobalSection(SolutionConfigurationPlatforms) = preSolution
		Debug|Any CPU = Debug|Any CPU
		Release|Any CPU = Release|Any CPU
	EndGlobalSection
	GlobalSection(ProjectConfigurationPlatforms) = postSolution
		{95F4CB3F-48AD-4FA0-B673-0B5B32767B4E}.Debug|Any CPU.ActiveCfg = Debug|Any CPU
		{95F4CB3F-48AD-4FA0-B673-0B5B32767B4E}.Debug|Any CPU.Build.0 = Debug|Any CPU
		{95F4CB3F-48AD-4FA0-B673-0B5B32767B4E}.Release|Any CPU.ActiveCfg = Release|Any CPU
		{95F4CB3F-48AD-4FA0-B673-0B5B32767B4E}.Release|Any CPU.Build.0 = Release|Any CPU
		{F1EE3384-5B17-4205-AE86-C5589BBCD983}.Debug|Any CPU.ActiveCfg = Debug|Any CPU
		{F1EE3384-5B17-4205-AE86-C5589BBCD983}.Debug|Any CPU.Build.0 = Debug|Any CPU
		{F1EE3384-5B17-4205-AE86-C5589BBCD983}.Release|Any CPU.ActiveCfg = Release|Any CPU
		{F1EE3384-5B17-4205-AE86-C5589BBCD983}.Release|Any CPU.Build.0 = Release|Any CPU
		{80C442CC-0531-4177-AD74-54E47B736121}.Debug|Any CPU.ActiveCfg = Debug|Any CPU
		{80C442CC-0531-4177-AD74-54E47B736121}.Debug|Any CPU.Build.0 = Debug|Any CPU
		{80C442CC-0531-4177-AD74-54E47B736121}.Release|Any CPU.ActiveCfg = Release|Any CPU
		{80C442CC-0531-4177-AD74-54E47B736121}.Release|Any CPU.Build.0 = Release|Any CPU
		{C45E1B5F-095F-4799-B370-DBD9324C6966}.Debug|Any CPU.ActiveCfg = Debug|Any CPU
		{C45E1B5F-095F-4799-B370-DBD9324C6966}.Debug|Any CPU.Build.0 = Debug|Any CPU
		{C45E1B5F-095F-4799-B370-DBD9324C6966}.Release|Any CPU.ActiveCfg = Release|Any CPU
		{C45E1B5F-095F-4799-B370-DBD9324C6966}.Release|Any CPU.Build.0 = Release|Any CPU
	EndGlobalSection
	GlobalSection(SolutionProperties) = preSolution
		HideSolutionNode = FALSE
	EndGlobalSection
EndGlobal
